
Microsoft Visual Studio Solution File, Format Version 12.00
# Visual Studio 14
VisualStudioVersion = 14.0.23107.0
MinimumVisualStudioVersion = 10.0.40219.1
Project("{2150E333-8FDC-42A3-9474-1A3956D46DE8}") = "ClassLibrary", "ClassLibrary", "{BB6003D6-41FB-470A-B208-EEF47E8560D4}"
EndProject
Project("{2150E333-8FDC-42A3-9474-1A3956D46DE8}") = "Application", "Application", "{CE8352BC-2B1A-48A4-A1C1-BBFAAED6713E}"
EndProject
Project("{FAE04EC0-301F-11D3-BF4B-00C04F79EFBC}") = "AzureUtility", "AzureUtility\AzureUtility.csproj", "{1DC29972-CC9C-4B2A-9B45-8CC01DB66A63}"
EndProject
Project("{FAE04EC0-301F-11D3-BF4B-00C04F79EFBC}") = "AzureUtilityForm", "AzureUtilityForm\AzureUtilityForm.csproj", "{D82E4BE5-C43A-4AF3-A3F2-B773D2FD4182}"
EndProject
Global
	GlobalSection(SolutionConfigurationPlatforms) = preSolution
		Debug|Any CPU = Debug|Any CPU
		Release|Any CPU = Release|Any CPU
	EndGlobalSection
	GlobalSection(ProjectConfigurationPlatforms) = postSolution
		{1DC29972-CC9C-4B2A-9B45-8CC01DB66A63}.Debug|Any CPU.ActiveCfg = Debug|Any CPU
		{1DC29972-CC9C-4B2A-9B45-8CC01DB66A63}.Debug|Any CPU.Build.0 = Debug|Any CPU
		{1DC29972-CC9C-4B2A-9B45-8CC01DB66A63}.Release|Any CPU.ActiveCfg = Release|Any CPU
		{1DC29972-CC9C-4B2A-9B45-8CC01DB66A63}.Release|Any CPU.Build.0 = Release|Any CPU
		{D82E4BE5-C43A-4AF3-A3F2-B773D2FD4182}.Debug|Any CPU.ActiveCfg = Debug|Any CPU
		{D82E4BE5-C43A-4AF3-A3F2-B773D2FD4182}.Debug|Any CPU.Build.0 = Debug|Any CPU
		{D82E4BE5-C43A-4AF3-A3F2-B773D2FD4182}.Release|Any CPU.ActiveCfg = Release|Any CPU
		{D82E4BE5-C43A-4AF3-A3F2-B773D2FD4182}.Release|Any CPU.Build.0 = Release|Any CPU
	EndGlobalSection
	GlobalSection(SolutionProperties) = preSolution
		HideSolutionNode = FALSE
	EndGlobalSection
	GlobalSection(NestedProjects) = preSolution
		{1DC29972-CC9C-4B2A-9B45-8CC01DB66A63} = {BB6003D6-41FB-470A-B208-EEF47E8560D4}
		{D82E4BE5-C43A-4AF3-A3F2-B773D2FD4182} = {CE8352BC-2B1A-48A4-A1C1-BBFAAED6713E}
	EndGlobalSection
EndGlobal
